
Microsoft Visual Studio Solution File, Format Version 12.00
# Visual Studio Version 17
VisualStudioVersion = 17.5.002.0
MinimumVisualStudioVersion = 10.0.40219.1
Project("{9A19103F-16F7-4668-BE54-9A1E7A4F7556}") = "FootballLeagueSimulator", "FootballLeagueSimulator.csproj", "{B4082713-4444-403D-9801-30A26AE2D468}"
EndProject
Project("{FAE04EC0-301F-11D3-BF4B-00C04F79EFBC}") = "FootballLeagueSimulation", "..\FootballLeagueSimulation\FootballLeagueSimulation.csproj", "{54AFDE51-C468-4DA9-BEE9-5343E94C2FE7}"
EndProject
Global
	GlobalSection(SolutionConfigurationPlatforms) = preSolution
		Debug|Any CPU = Debug|Any CPU
		Release|Any CPU = Release|Any CPU
	EndGlobalSection
	GlobalSection(ProjectConfigurationPlatforms) = postSolution
		{B4082713-4444-403D-9801-30A26AE2D468}.Debug|Any CPU.ActiveCfg = Debug|Any CPU
		{B4082713-4444-403D-9801-30A26AE2D468}.Debug|Any CPU.Build.0 = Debug|Any CPU
		{B4082713-4444-403D-9801-30A26AE2D468}.Release|Any CPU.ActiveCfg = Release|Any CPU
		{B4082713-4444-403D-9801-30A26AE2D468}.Release|Any CPU.Build.0 = Release|Any CPU
		{54AFDE51-C468-4DA9-BEE9-5343E94C2FE7}.Debug|Any CPU.ActiveCfg = Debug|Any CPU
		{54AFDE51-C468-4DA9-BEE9-5343E94C2FE7}.Debug|Any CPU.Build.0 = Debug|Any CPU
		{54AFDE51-C468-4DA9-BEE9-5343E94C2FE7}.Release|Any CPU.ActiveCfg = Release|Any CPU
		{54AFDE51-C468-4DA9-BEE9-5343E94C2FE7}.Release|Any CPU.Build.0 = Release|Any CPU
	EndGlobalSection
	GlobalSection(SolutionProperties) = preSolution
		HideSolutionNode = FALSE
	EndGlobalSection
	GlobalSection(ExtensibilityGlobals) = postSolution
		SolutionGuid = {107673AA-7905-404E-A9B1-3F28834DE61D}
	EndGlobalSection
EndGlobal
